
Microsoft Visual Studio Solution File, Format Version 12.00
# Visual Studio Version 16
VisualStudioVersion = 16.0.34114.132
MinimumVisualStudioVersion = 10.0.40219.1
Project("{FAE04EC0-301F-11D3-BF4B-00C04F79EFBC}") = "FormContactOficialGSS", "FormContactOficialGSS.csproj", "{776800E6-529D-47C7-8C59-7EAEDBE1F9D2}"
EndProject
Global
	GlobalSection(SolutionConfigurationPlatforms) = preSolution
		Debug|Any CPU = Debug|Any CPU
		Release|Any CPU = Release|Any CPU
	EndGlobalSection
	GlobalSection(ProjectConfigurationPlatforms) = postSolution
		{776800E6-529D-47C7-8C59-7EAEDBE1F9D2}.Debug|Any CPU.ActiveCfg = Debug|Any CPU
		{776800E6-529D-47C7-8C59-7EAEDBE1F9D2}.Debug|Any CPU.Build.0 = Debug|Any CPU
		{776800E6-529D-47C7-8C59-7EAEDBE1F9D2}.Release|Any CPU.ActiveCfg = Release|Any CPU
		{776800E6-529D-47C7-8C59-7EAEDBE1F9D2}.Release|Any CPU.Build.0 = Release|Any CPU
	EndGlobalSection
	GlobalSection(SolutionProperties) = preSolution
		HideSolutionNode = FALSE
	EndGlobalSection
	GlobalSection(ExtensibilityGlobals) = postSolution
		SolutionGuid = {985AC164-A9D7-47B2-A163-30516D1D29BC}
	EndGlobalSection
EndGlobal
